<?xml version="1.0" encoding="utf-8"?>
<Project ToolsVersion="4.0" xmlns="http://schemas.microsoft.com/developer/msbuild/2003">
  <ItemGroup>
    <Filter Include="Source Files">
      <UniqueIdentifier>{4FC737F1-C7A5-4376-A066-2A32D752A2FF}</UniqueIdentifier>
      <Extensions>cpp;c;cc;cxx;def;odl;idl;hpj;bat;asm;asmx</Extensions>
    </Filter>
    <Filter Include="Header Files">
      <UniqueIdentifier>{93995380-89BD-4b04-88EB-625FBE52EBFB}</UniqueIdentifier>
      <Extensions>h;hh;hpp;hxx;hm;inl;inc;ipp;xsd</Extensions>
    </Filter>
    <Filter Include="Resource Files">
      <UniqueIdentifier>{67DA6AB6-F800-4c08-8B7A-83BB121AAD01}</UniqueIdentifier>
      <Extensions>rc;ico;cur;bmp;dlg;rc2;rct;bin;rgs;gif;jpg;jpeg;jpe;resx;tiff;tif;png;wav;mfcribbon-ms</Extensions>
    </Filter>
    <Filter Include="FrameWork">
      <UniqueIdentifier>{ed1af89e-298d-4c3b-8a02-07e07d4a3d17}</UniqueIdentifier>
    </Filter>
    <Filter Include="Textures">
      <UniqueIdentifier>{76726939-e005-4f7a-b455-4c48e9f3006d}</UniqueIdentifier>
    </Filter>
    <Filter Include="SampleMario">
      <UniqueIdentifier>{4c33a233-01ba-4fd4-9b03-ec1552db884a}</UniqueIdentifier>
    </Filter>
  </ItemGroup>
  <ItemGroup>
    <ClCompile Include="main.cpp">
      <Filter>Source Files</Filter>
    </ClCompile>
    <ClCompile Include="FrameWork\CAnimation.cpp">
      <Filter>FrameWork</Filter>
    </ClCompile>
    <ClCompile Include="FrameWork\CAnimationFame.cpp">
      <Filter>FrameWork</Filter>
    </ClCompile>
    <ClCompile Include="FrameWork\CAnimations.cpp">
      <Filter>FrameWork</Filter>
    </ClCompile>
    <ClCompile Include="FrameWork\CKeyEventHandler.cpp">
      <Filter>FrameWork</Filter>
    </ClCompile>
    <ClCompile Include="FrameWork\CSprites.cpp">
      <Filter>FrameWork</Filter>
    </ClCompile>
    <ClCompile Include="FrameWork\Game.cpp">
      <Filter>FrameWork</Filter>
    </ClCompile>
    <ClCompile Include="FrameWork\GameObject.cpp">
      <Filter>FrameWork</Filter>
    </ClCompile>
    <ClCompile Include="FrameWork\Sprites.cpp">
      <Filter>FrameWork</Filter>
    </ClCompile>
    <ClCompile Include="FrameWork\Textures.cpp">
      <Filter>FrameWork</Filter>
    </ClCompile>
    <ClCompile Include="FrameWork\debug.cpp">
      <Filter>FrameWork</Filter>
    </ClCompile>
    <ClCompile Include="SampleMario\Brick.cpp">
      <Filter>SampleMario</Filter>
    </ClCompile>
    <ClCompile Include="SampleMario\Goomba.cpp">
      <Filter>SampleMario</Filter>
    </ClCompile>
    <ClCompile Include="SampleMario\Mario.cpp">
      <Filter>SampleMario</Filter>
    </ClCompile>
  </ItemGroup>
  <ItemGroup>
    <ClInclude Include="FrameWork\CAnimation.h">
      <Filter>FrameWork</Filter>
    </ClInclude>
    <ClInclude Include="FrameWork\CAnimationFame.h">
      <Filter>FrameWork</Filter>
    </ClInclude>
    <ClInclude Include="FrameWork\CAnimations.h">
      <Filter>FrameWork</Filter>
    </ClInclude>
    <ClInclude Include="FrameWork\CKeyEventHandler.h">
      <Filter>FrameWork</Filter>
    </ClInclude>
    <ClInclude Include="FrameWork\CSprites.h">
      <Filter>FrameWork</Filter>
    </ClInclude>
    <ClInclude Include="FrameWork\Game.h">
      <Filter>FrameWork</Filter>
    </ClInclude>
    <ClInclude Include="FrameWork\GameObject.h">
      <Filter>FrameWork</Filter>
    </ClInclude>
    <ClInclude Include="FrameWork\Sprites.h">
      <Filter>FrameWork</Filter>
    </ClInclude>
    <ClInclude Include="FrameWork\Textures.h">
      <Filter>FrameWork</Filter>
    </ClInclude>
    <ClInclude Include="FrameWork\debug.h">
      <Filter>FrameWork</Filter>
    </ClInclude>
    <ClInclude Include="SampleMario\Brick.h">
      <Filter>SampleMario</Filter>
    </ClInclude>
    <ClInclude Include="SampleMario\Goomba.h">
      <Filter>SampleMario</Filter>
    </ClInclude>
    <ClInclude Include="SampleMario\Mario.h">
      <Filter>SampleMario</Filter>
    </ClInclude>
  </ItemGroup>
  <ItemGroup>
    <Image Include="Textures\bbox.png">
      <Filter>Textures</Filter>
    </Image>
    <Image Include="Textures\enemies.png">
      <Filter>Textures</Filter>
    </Image>
    <Image Include="Textures\mario.png">
      <Filter>Textures</Filter>
    </Image>
    <Image Include="Textures\misc.png">
      <Filter>Textures</Filter>
    </Image>
  </ItemGroup>
</Project>