<?xml version="1.0" encoding="utf-8"?>
<Project ToolsVersion="4.0" xmlns="http://schemas.microsoft.com/developer/msbuild/2003">
  <ItemGroup>
    <Filter Include="Source Files">
      <UniqueIdentifier>{4FC737F1-C7A5-4376-A066-2A32D752A2FF}</UniqueIdentifier>
      <Extensions>cpp;c;cc;cxx;def;odl;idl;hpj;bat;asm;asmx</Extensions>
    </Filter>
    <Filter Include="Header Files">
      <UniqueIdentifier>{93995380-89BD-4b04-88EB-625FBE52EBFB}</UniqueIdentifier>
      <Extensions>h;hh;hpp;hxx;hm;inl;inc;ipp;xsd</Extensions>
    </Filter>
    <Filter Include="Resource Files">
      <UniqueIdentifier>{67DA6AB6-F800-4c08-8B7A-83BB121AAD01}</UniqueIdentifier>
      <Extensions>rc;ico;cur;bmp;dlg;rc2;rct;bin;rgs;gif;jpg;jpeg;jpe;resx;tiff;tif;png;wav;mfcribbon-ms</Extensions>
    </Filter>
    <Filter Include="FrameWork">
      <UniqueIdentifier>{ed1af89e-298d-4c3b-8a02-07e07d4a3d17}</UniqueIdentifier>
    </Filter>
    <Filter Include="Textures">
      <UniqueIdentifier>{76726939-e005-4f7a-b455-4c48e9f3006d}</UniqueIdentifier>
    </Filter>
    <Filter Include="SampleMario">
      <UniqueIdentifier>{4c33a233-01ba-4fd4-9b03-ec1552db884a}</UniqueIdentifier>
    </Filter>
    <Filter Include="GameObject">
      <UniqueIdentifier>{42e43b4b-664e-4214-96b1-43aa438ca7ac}</UniqueIdentifier>
    </Filter>
    <Filter Include="GameObject\Simon">
      <UniqueIdentifier>{edd3a89f-578a-405e-8568-4c3dfbeafa7a}</UniqueIdentifier>
    </Filter>
    <Filter Include="GameObject\Enemies">
      <UniqueIdentifier>{fc31cd9c-0bfa-4070-8cb7-7be4ceb1a475}</UniqueIdentifier>
    </Filter>
    <Filter Include="GameObject\Misc">
      <UniqueIdentifier>{fb76e8e0-d135-4e71-b89e-f174406ecc54}</UniqueIdentifier>
    </Filter>
    <Filter Include="XML">
      <UniqueIdentifier>{07f64b37-7317-4fd8-b288-692ff578a186}</UniqueIdentifier>
    </Filter>
    <Filter Include="Assess">
      <UniqueIdentifier>{19d785ab-72d3-42ab-8172-966342322d6e}</UniqueIdentifier>
    </Filter>
    <Filter Include="Const">
      <UniqueIdentifier>{3379eacf-3b99-4b70-bcd5-8b940f17094d}</UniqueIdentifier>
    </Filter>
    <Filter Include="GameObject\Weapon">
      <UniqueIdentifier>{14254cde-e210-4083-b4b8-43de2bbf15ac}</UniqueIdentifier>
    </Filter>
    <Filter Include="KeyControll">
      <UniqueIdentifier>{da7cbb30-c68d-4a7c-aa2e-6304a20be1c8}</UniqueIdentifier>
    </Filter>
    <Filter Include="GameObject\Effect">
      <UniqueIdentifier>{bce34b09-c4c6-4eb8-8285-a8c1a37ddf41}</UniqueIdentifier>
    </Filter>
    <Filter Include="GameObject\Items">
      <UniqueIdentifier>{8f5efdf5-85e1-419d-8203-c6b1ce8d80dc}</UniqueIdentifier>
    </Filter>
  </ItemGroup>
  <ItemGroup>
    <ClCompile Include="main.cpp">
      <Filter>Source Files</Filter>
    </ClCompile>
    <ClCompile Include="FrameWork\CAnimation.cpp">
      <Filter>FrameWork</Filter>
    </ClCompile>
    <ClCompile Include="FrameWork\CAnimationFame.cpp">
      <Filter>FrameWork</Filter>
    </ClCompile>
    <ClCompile Include="FrameWork\CAnimations.cpp">
      <Filter>FrameWork</Filter>
    </ClCompile>
    <ClCompile Include="FrameWork\CKeyEventHandler.cpp">
      <Filter>FrameWork</Filter>
    </ClCompile>
    <ClCompile Include="FrameWork\CSprites.cpp">
      <Filter>FrameWork</Filter>
    </ClCompile>
    <ClCompile Include="FrameWork\Game.cpp">
      <Filter>FrameWork</Filter>
    </ClCompile>
    <ClCompile Include="FrameWork\GameObject.cpp">
      <Filter>FrameWork</Filter>
    </ClCompile>
    <ClCompile Include="FrameWork\Sprites.cpp">
      <Filter>FrameWork</Filter>
    </ClCompile>
    <ClCompile Include="FrameWork\Textures.cpp">
      <Filter>FrameWork</Filter>
    </ClCompile>
    <ClCompile Include="FrameWork\debug.cpp">
      <Filter>FrameWork</Filter>
    </ClCompile>
    <ClCompile Include="SampleMario\Brick.cpp">
      <Filter>SampleMario</Filter>
    </ClCompile>
    <ClCompile Include="SampleMario\Goomba.cpp">
      <Filter>SampleMario</Filter>
    </ClCompile>
    <ClCompile Include="SampleMario\Mario.cpp">
      <Filter>SampleMario</Filter>
    </ClCompile>
    <ClCompile Include="Ground.cpp">
      <Filter>GameObject\Misc</Filter>
    </ClCompile>
    <ClCompile Include="tinystr.cpp">
      <Filter>Source Files</Filter>
    </ClCompile>
    <ClCompile Include="tinyxml.cpp">
      <Filter>Source Files</Filter>
    </ClCompile>
    <ClCompile Include="tinyxmlerror.cpp">
      <Filter>Source Files</Filter>
    </ClCompile>
    <ClCompile Include="tinyxmlparser.cpp">
      <Filter>Source Files</Filter>
    </ClCompile>
    <ClCompile Include="Simon.cpp">
      <Filter>GameObject\Simon</Filter>
    </ClCompile>
    <ClCompile Include="CTile.cpp">
      <Filter>FrameWork</Filter>
    </ClCompile>
    <ClCompile Include="CMap.cpp">
      <Filter>FrameWork</Filter>
    </ClCompile>
    <ClCompile Include="CTiles.cpp">
      <Filter>FrameWork</Filter>
    </ClCompile>
    <ClCompile Include="GameConst.cpp">
      <Filter>Const</Filter>
    </ClCompile>
    <ClCompile Include="CSimonKeyHandler.cpp">
      <Filter>KeyControll</Filter>
    </ClCompile>
    <ClCompile Include="CEnemies.cpp">
      <Filter>GameObject\Enemies</Filter>
    </ClCompile>
    <ClCompile Include="CTestEnemy.cpp">
      <Filter>GameObject\Enemies</Filter>
    </ClCompile>
    <ClCompile Include="Weapon.cpp">
      <Filter>GameObject\Weapon</Filter>
    </ClCompile>
    <ClCompile Include="Whip.cpp">
      <Filter>GameObject\Weapon</Filter>
    </ClCompile>
    <ClCompile Include="CStaticObject.cpp">
      <Filter>FrameWork</Filter>
    </ClCompile>
    <ClCompile Include="LargeCandle.cpp">
      <Filter>GameObject\Misc</Filter>
    </ClCompile>
    <ClCompile Include="CGhost.cpp">
      <Filter>GameObject\Enemies</Filter>
    </ClCompile>
    <ClCompile Include="CEffect.cpp">
      <Filter>GameObject\Effect</Filter>
    </ClCompile>
    <ClCompile Include="CHit.cpp">
      <Filter>GameObject\Effect</Filter>
    </ClCompile>
    <ClCompile Include="CItems.cpp">
      <Filter>GameObject\Items</Filter>
    </ClCompile>
    <ClCompile Include="WhipUpgrade.cpp">
      <Filter>GameObject\Items</Filter>
    </ClCompile>
    <ClCompile Include="LargeHeart.cpp">
      <Filter>GameObject\Items</Filter>
    </ClCompile>
    <ClCompile Include="SmallHeart.cpp">
      <Filter>GameObject\Items</Filter>
    </ClCompile>
    <ClCompile Include="Danger.cpp">
      <Filter>GameObject\Items</Filter>
    </ClCompile>
    <ClCompile Include="WeaponDanger.cpp">
      <Filter>GameObject\Weapon</Filter>
    </ClCompile>
  </ItemGroup>
  <ItemGroup>
    <ClInclude Include="FrameWork\CAnimation.h">
      <Filter>FrameWork</Filter>
    </ClInclude>
    <ClInclude Include="FrameWork\CAnimationFame.h">
      <Filter>FrameWork</Filter>
    </ClInclude>
    <ClInclude Include="FrameWork\CAnimations.h">
      <Filter>FrameWork</Filter>
    </ClInclude>
    <ClInclude Include="FrameWork\CKeyEventHandler.h">
      <Filter>FrameWork</Filter>
    </ClInclude>
    <ClInclude Include="FrameWork\CSprites.h">
      <Filter>FrameWork</Filter>
    </ClInclude>
    <ClInclude Include="FrameWork\Game.h">
      <Filter>FrameWork</Filter>
    </ClInclude>
    <ClInclude Include="FrameWork\GameObject.h">
      <Filter>FrameWork</Filter>
    </ClInclude>
    <ClInclude Include="FrameWork\Sprites.h">
      <Filter>FrameWork</Filter>
    </ClInclude>
    <ClInclude Include="FrameWork\Textures.h">
      <Filter>FrameWork</Filter>
    </ClInclude>
    <ClInclude Include="FrameWork\debug.h">
      <Filter>FrameWork</Filter>
    </ClInclude>
    <ClInclude Include="SampleMario\Brick.h">
      <Filter>SampleMario</Filter>
    </ClInclude>
    <ClInclude Include="SampleMario\Goomba.h">
      <Filter>SampleMario</Filter>
    </ClInclude>
    <ClInclude Include="SampleMario\Mario.h">
      <Filter>SampleMario</Filter>
    </ClInclude>
    <ClInclude Include="Ground.h">
      <Filter>GameObject\Misc</Filter>
    </ClInclude>
    <ClInclude Include="tinystr.h">
      <Filter>Source Files</Filter>
    </ClInclude>
    <ClInclude Include="tinyxml.h">
      <Filter>Source Files</Filter>
    </ClInclude>
    <ClInclude Include="Simon.h">
      <Filter>GameObject\Simon</Filter>
    </ClInclude>
    <ClInclude Include="CTile.h">
      <Filter>FrameWork</Filter>
    </ClInclude>
    <ClInclude Include="CMap.h">
      <Filter>FrameWork</Filter>
    </ClInclude>
    <ClInclude Include="CTiles.h">
      <Filter>FrameWork</Filter>
    </ClInclude>
    <ClInclude Include="GameConst.h">
      <Filter>Const</Filter>
    </ClInclude>
    <ClInclude Include="SimonConst.h">
      <Filter>Const</Filter>
    </ClInclude>
    <ClInclude Include="CSimonKeyHandler.h">
      <Filter>KeyControll</Filter>
    </ClInclude>
    <ClInclude Include="CEnemies.h">
      <Filter>GameObject\Enemies</Filter>
    </ClInclude>
    <ClInclude Include="CTestEnemy.h">
      <Filter>GameObject\Enemies</Filter>
    </ClInclude>
    <ClInclude Include="Weapon.h">
      <Filter>GameObject\Weapon</Filter>
    </ClInclude>
    <ClInclude Include="Whip.h">
      <Filter>GameObject\Weapon</Filter>
    </ClInclude>
    <ClInclude Include="CStaticObject.h">
      <Filter>FrameWork</Filter>
    </ClInclude>
    <ClInclude Include="LargeCandle.h">
      <Filter>GameObject\Misc</Filter>
    </ClInclude>
    <ClInclude Include="CGhost.h">
      <Filter>GameObject\Enemies</Filter>
    </ClInclude>
    <ClInclude Include="CEffect.h">
      <Filter>GameObject\Effect</Filter>
    </ClInclude>
    <ClInclude Include="CHit.h">
      <Filter>GameObject\Effect</Filter>
    </ClInclude>
    <ClInclude Include="CItems.h">
      <Filter>GameObject\Items</Filter>
    </ClInclude>
    <ClInclude Include="WhipUpgrade.h">
      <Filter>GameObject\Items</Filter>
    </ClInclude>
    <ClInclude Include="LargeHeart.h">
      <Filter>GameObject\Items</Filter>
    </ClInclude>
    <ClInclude Include="SmallHeart.h">
      <Filter>GameObject\Items</Filter>
    </ClInclude>
    <ClInclude Include="Danger.h">
      <Filter>GameObject\Items</Filter>
    </ClInclude>
    <ClInclude Include="WeaponDanger.h">
      <Filter>GameObject\Weapon</Filter>
    </ClInclude>
  </ItemGroup>
  <ItemGroup>
    <Image Include="Textures\bbox.png">
      <Filter>Textures</Filter>
    </Image>
    <Image Include="Textures\enemies.png">
      <Filter>Textures</Filter>
    </Image>
    <Image Include="Textures\mario.png">
      <Filter>Textures</Filter>
    </Image>
    <Image Include="Textures\misc.png">
      <Filter>Textures</Filter>
    </Image>
    <Image Include="Assess\Intro.png">
      <Filter>Assess</Filter>
    </Image>
    <Image Include="Assess\Misc.png">
      <Filter>Assess</Filter>
    </Image>
    <Image Include="Assess\Simon.png">
      <Filter>Assess</Filter>
    </Image>
    <Image Include="Textures\Simon.png">
      <Filter>Textures</Filter>
    </Image>
    <Image Include="Textures\tileset_map1.png">
      <Filter>Textures</Filter>
    </Image>
    <Image Include="Textures\ObjectsAndEffect.png">
      <Filter>Textures</Filter>
    </Image>
    <Image Include="Textures\Enemies-Castle.png">
      <Filter>Textures</Filter>
    </Image>
    <Image Include="Textures\TexturesV2.png">
      <Filter>Textures</Filter>
    </Image>
    <Image Include="Textures\Items.png">
      <Filter>Textures</Filter>
    </Image>
    <Image Include="Textures\WhipTexture.png">
      <Filter>Textures</Filter>
    </Image>
    <Image Include="Textures\TexturesV3.png">
      <Filter>Textures</Filter>
    </Image>
  </ItemGroup>
  <ItemGroup>
    <Text Include="Textures\readfile_map_1.txt">
      <Filter>Textures</Filter>
    </Text>
    <Text Include="Textures\readfile_map_1_gameobjects.txt">
      <Filter>Textures</Filter>
    </Text>
  </ItemGroup>
  <ItemGroup>
    <Xml Include="XML\Textures.xml">
      <Filter>XML</Filter>
    </Xml>
  </ItemGroup>
</Project>